
Microsoft Visual Studio Solution File, Format Version 12.00
# Visual Studio Version 17
VisualStudioVersion = 17.11.35312.102
MinimumVisualStudioVersion = 10.0.40219.1
Project("{FAE04EC0-301F-11D3-BF4B-00C04F79EFBC}") = "MyCalculator", "MyCalculator\MyCalculator.csproj", "{138E5575-0C5B-4F06-B052-6B7B4D9E47EB}"
EndProject
Global
	GlobalSection(SolutionConfigurationPlatforms) = preSolution
		Debug|Any CPU = Debug|Any CPU
		Release|Any CPU = Release|Any CPU
	EndGlobalSection
	GlobalSection(ProjectConfigurationPlatforms) = postSolution
		{138E5575-0C5B-4F06-B052-6B7B4D9E47EB}.Debug|Any CPU.ActiveCfg = Debug|Any CPU
		{138E5575-0C5B-4F06-B052-6B7B4D9E47EB}.Debug|Any CPU.Build.0 = Debug|Any CPU
		{138E5575-0C5B-4F06-B052-6B7B4D9E47EB}.Release|Any CPU.ActiveCfg = Release|Any CPU
		{138E5575-0C5B-4F06-B052-6B7B4D9E47EB}.Release|Any CPU.Build.0 = Release|Any CPU
	EndGlobalSection
	GlobalSection(SolutionProperties) = preSolution
		HideSolutionNode = FALSE
	EndGlobalSection
	GlobalSection(ExtensibilityGlobals) = postSolution
		SolutionGuid = {93BBF68B-F691-4DDE-81BF-BCC448971883}
	EndGlobalSection
EndGlobal
